<?xml version="1.0" encoding="utf-8"?>
<Project ToolsVersion="16.0" xmlns="http://schemas.microsoft.com/developer/msbuild/2003">
  <ItemGroup>
    <CustomBuild Include="D:\workround\grypania\core\src\lib\3rd\mongo-c-driver\builds\CMakeFiles\a8289db36a1c124bcc6f35e0458c33dc\dist.rule">
      <Filter>CMake Rules</Filter>
    </CustomBuild>
    <CustomBuild Include="D:\workround\grypania\core\src\lib\3rd\mongo-c-driver\CMakeLists.txt" />
  </ItemGroup>
  <ItemGroup>
    <None Include="D:\workround\grypania\core\src\lib\3rd\mongo-c-driver\builds\CMakeFiles\dist" />
  </ItemGroup>
  <ItemGroup>
    <Filter Include="CMake Rules">
      <UniqueIdentifier>{F9DCDF77-03F5-39D3-8FA0-6705854E90CC}</UniqueIdentifier>
    </Filter>
  </ItemGroup>
</Project>
