
Microsoft Visual Studio Solution File, Format Version 12.00
# Visual Studio Version 16
Project("{8BC9CEB8-8B4A-11D0-8D11-00A0C91BC942}") = "ALL_BUILD", "ALL_BUILD.vcxproj", "{8C4D701E-50FF-34DB-B6B2-F457CE56B6C4}"
	ProjectSection(ProjectDependencies) = postProject
		{2149FFD8-BDA9-3FA9-B92B-57DA487919CE} = {2149FFD8-BDA9-3FA9-B92B-57DA487919CE}
		{E024C8F9-E37E-3BC7-9B05-74DF6ADEA1EF} = {E024C8F9-E37E-3BC7-9B05-74DF6ADEA1EF}
		{8D1E9447-A9A0-3016-AB1F-F2EA4AB1397B} = {8D1E9447-A9A0-3016-AB1F-F2EA4AB1397B}
		{769B6D37-DC08-34C1-96FD-07C86358D8F6} = {769B6D37-DC08-34C1-96FD-07C86358D8F6}
	EndProjectSection
EndProject
Project("{8BC9CEB8-8B4A-11D0-8D11-00A0C91BC942}") = "INSTALL", "INSTALL.vcxproj", "{5AC48C20-E980-32C2-B3C2-0AD37FC4382B}"
	ProjectSection(ProjectDependencies) = postProject
		{8C4D701E-50FF-34DB-B6B2-F457CE56B6C4} = {8C4D701E-50FF-34DB-B6B2-F457CE56B6C4}
		{2149FFD8-BDA9-3FA9-B92B-57DA487919CE} = {2149FFD8-BDA9-3FA9-B92B-57DA487919CE}
	EndProjectSection
EndProject
Project("{8BC9CEB8-8B4A-11D0-8D11-00A0C91BC942}") = "PACKAGE", "PACKAGE.vcxproj", "{6B0DC4F5-53EC-32AF-AEB3-7A2A132D9C11}"
	ProjectSection(ProjectDependencies) = postProject
		{8C4D701E-50FF-34DB-B6B2-F457CE56B6C4} = {8C4D701E-50FF-34DB-B6B2-F457CE56B6C4}
		{2149FFD8-BDA9-3FA9-B92B-57DA487919CE} = {2149FFD8-BDA9-3FA9-B92B-57DA487919CE}
	EndProjectSection
EndProject
Project("{8BC9CEB8-8B4A-11D0-8D11-00A0C91BC942}") = "RUN_TESTS", "RUN_TESTS.vcxproj", "{2DAD9DB2-A8FE-34F3-ABCF-59C52ABC0A1B}"
	ProjectSection(ProjectDependencies) = postProject
		{2149FFD8-BDA9-3FA9-B92B-57DA487919CE} = {2149FFD8-BDA9-3FA9-B92B-57DA487919CE}
	EndProjectSection
EndProject
Project("{8BC9CEB8-8B4A-11D0-8D11-00A0C91BC942}") = "ZERO_CHECK", "ZERO_CHECK.vcxproj", "{2149FFD8-BDA9-3FA9-B92B-57DA487919CE}"
	ProjectSection(ProjectDependencies) = postProject
	EndProjectSection
EndProject
Project("{8BC9CEB8-8B4A-11D0-8D11-00A0C91BC942}") = "hiredis", "hiredis.vcxproj", "{E024C8F9-E37E-3BC7-9B05-74DF6ADEA1EF}"
	ProjectSection(ProjectDependencies) = postProject
		{2149FFD8-BDA9-3FA9-B92B-57DA487919CE} = {2149FFD8-BDA9-3FA9-B92B-57DA487919CE}
	EndProjectSection
EndProject
Project("{8BC9CEB8-8B4A-11D0-8D11-00A0C91BC942}") = "hiredis-test", "hiredis-test.vcxproj", "{8D1E9447-A9A0-3016-AB1F-F2EA4AB1397B}"
	ProjectSection(ProjectDependencies) = postProject
		{2149FFD8-BDA9-3FA9-B92B-57DA487919CE} = {2149FFD8-BDA9-3FA9-B92B-57DA487919CE}
		{E024C8F9-E37E-3BC7-9B05-74DF6ADEA1EF} = {E024C8F9-E37E-3BC7-9B05-74DF6ADEA1EF}
	EndProjectSection
EndProject
Project("{8BC9CEB8-8B4A-11D0-8D11-00A0C91BC942}") = "hiredis_static", "hiredis_static.vcxproj", "{769B6D37-DC08-34C1-96FD-07C86358D8F6}"
	ProjectSection(ProjectDependencies) = postProject
		{2149FFD8-BDA9-3FA9-B92B-57DA487919CE} = {2149FFD8-BDA9-3FA9-B92B-57DA487919CE}
	EndProjectSection
EndProject
Global
	GlobalSection(SolutionConfigurationPlatforms) = preSolution
		Debug|x64 = Debug|x64
		Release|x64 = Release|x64
		MinSizeRel|x64 = MinSizeRel|x64
		RelWithDebInfo|x64 = RelWithDebInfo|x64
	EndGlobalSection
	GlobalSection(ProjectConfigurationPlatforms) = postSolution
		{8C4D701E-50FF-34DB-B6B2-F457CE56B6C4}.Debug|x64.ActiveCfg = Debug|x64
		{8C4D701E-50FF-34DB-B6B2-F457CE56B6C4}.Debug|x64.Build.0 = Debug|x64
		{8C4D701E-50FF-34DB-B6B2-F457CE56B6C4}.Release|x64.ActiveCfg = Release|x64
		{8C4D701E-50FF-34DB-B6B2-F457CE56B6C4}.Release|x64.Build.0 = Release|x64
		{8C4D701E-50FF-34DB-B6B2-F457CE56B6C4}.MinSizeRel|x64.ActiveCfg = MinSizeRel|x64
		{8C4D701E-50FF-34DB-B6B2-F457CE56B6C4}.MinSizeRel|x64.Build.0 = MinSizeRel|x64
		{8C4D701E-50FF-34DB-B6B2-F457CE56B6C4}.RelWithDebInfo|x64.ActiveCfg = RelWithDebInfo|x64
		{8C4D701E-50FF-34DB-B6B2-F457CE56B6C4}.RelWithDebInfo|x64.Build.0 = RelWithDebInfo|x64
		{5AC48C20-E980-32C2-B3C2-0AD37FC4382B}.Debug|x64.ActiveCfg = Debug|x64
		{5AC48C20-E980-32C2-B3C2-0AD37FC4382B}.Release|x64.ActiveCfg = Release|x64
		{5AC48C20-E980-32C2-B3C2-0AD37FC4382B}.MinSizeRel|x64.ActiveCfg = MinSizeRel|x64
		{5AC48C20-E980-32C2-B3C2-0AD37FC4382B}.RelWithDebInfo|x64.ActiveCfg = RelWithDebInfo|x64
		{6B0DC4F5-53EC-32AF-AEB3-7A2A132D9C11}.Debug|x64.ActiveCfg = Debug|x64
		{6B0DC4F5-53EC-32AF-AEB3-7A2A132D9C11}.Release|x64.ActiveCfg = Release|x64
		{6B0DC4F5-53EC-32AF-AEB3-7A2A132D9C11}.MinSizeRel|x64.ActiveCfg = MinSizeRel|x64
		{6B0DC4F5-53EC-32AF-AEB3-7A2A132D9C11}.RelWithDebInfo|x64.ActiveCfg = RelWithDebInfo|x64
		{2DAD9DB2-A8FE-34F3-ABCF-59C52ABC0A1B}.Debug|x64.ActiveCfg = Debug|x64
		{2DAD9DB2-A8FE-34F3-ABCF-59C52ABC0A1B}.Release|x64.ActiveCfg = Release|x64
		{2DAD9DB2-A8FE-34F3-ABCF-59C52ABC0A1B}.MinSizeRel|x64.ActiveCfg = MinSizeRel|x64
		{2DAD9DB2-A8FE-34F3-ABCF-59C52ABC0A1B}.RelWithDebInfo|x64.ActiveCfg = RelWithDebInfo|x64
		{2149FFD8-BDA9-3FA9-B92B-57DA487919CE}.Debug|x64.ActiveCfg = Debug|x64
		{2149FFD8-BDA9-3FA9-B92B-57DA487919CE}.Debug|x64.Build.0 = Debug|x64
		{2149FFD8-BDA9-3FA9-B92B-57DA487919CE}.Release|x64.ActiveCfg = Release|x64
		{2149FFD8-BDA9-3FA9-B92B-57DA487919CE}.Release|x64.Build.0 = Release|x64
		{2149FFD8-BDA9-3FA9-B92B-57DA487919CE}.MinSizeRel|x64.ActiveCfg = MinSizeRel|x64
		{2149FFD8-BDA9-3FA9-B92B-57DA487919CE}.MinSizeRel|x64.Build.0 = MinSizeRel|x64
		{2149FFD8-BDA9-3FA9-B92B-57DA487919CE}.RelWithDebInfo|x64.ActiveCfg = RelWithDebInfo|x64
		{2149FFD8-BDA9-3FA9-B92B-57DA487919CE}.RelWithDebInfo|x64.Build.0 = RelWithDebInfo|x64
		{E024C8F9-E37E-3BC7-9B05-74DF6ADEA1EF}.Debug|x64.ActiveCfg = Debug|x64
		{E024C8F9-E37E-3BC7-9B05-74DF6ADEA1EF}.Debug|x64.Build.0 = Debug|x64
		{E024C8F9-E37E-3BC7-9B05-74DF6ADEA1EF}.Release|x64.ActiveCfg = Release|x64
		{E024C8F9-E37E-3BC7-9B05-74DF6ADEA1EF}.Release|x64.Build.0 = Release|x64
		{E024C8F9-E37E-3BC7-9B05-74DF6ADEA1EF}.MinSizeRel|x64.ActiveCfg = MinSizeRel|x64
		{E024C8F9-E37E-3BC7-9B05-74DF6ADEA1EF}.MinSizeRel|x64.Build.0 = MinSizeRel|x64
		{E024C8F9-E37E-3BC7-9B05-74DF6ADEA1EF}.RelWithDebInfo|x64.ActiveCfg = RelWithDebInfo|x64
		{E024C8F9-E37E-3BC7-9B05-74DF6ADEA1EF}.RelWithDebInfo|x64.Build.0 = RelWithDebInfo|x64
		{8D1E9447-A9A0-3016-AB1F-F2EA4AB1397B}.Debug|x64.ActiveCfg = Debug|x64
		{8D1E9447-A9A0-3016-AB1F-F2EA4AB1397B}.Debug|x64.Build.0 = Debug|x64
		{8D1E9447-A9A0-3016-AB1F-F2EA4AB1397B}.Release|x64.ActiveCfg = Release|x64
		{8D1E9447-A9A0-3016-AB1F-F2EA4AB1397B}.Release|x64.Build.0 = Release|x64
		{8D1E9447-A9A0-3016-AB1F-F2EA4AB1397B}.MinSizeRel|x64.ActiveCfg = MinSizeRel|x64
		{8D1E9447-A9A0-3016-AB1F-F2EA4AB1397B}.MinSizeRel|x64.Build.0 = MinSizeRel|x64
		{8D1E9447-A9A0-3016-AB1F-F2EA4AB1397B}.RelWithDebInfo|x64.ActiveCfg = RelWithDebInfo|x64
		{8D1E9447-A9A0-3016-AB1F-F2EA4AB1397B}.RelWithDebInfo|x64.Build.0 = RelWithDebInfo|x64
		{769B6D37-DC08-34C1-96FD-07C86358D8F6}.Debug|x64.ActiveCfg = Debug|x64
		{769B6D37-DC08-34C1-96FD-07C86358D8F6}.Debug|x64.Build.0 = Debug|x64
		{769B6D37-DC08-34C1-96FD-07C86358D8F6}.Release|x64.ActiveCfg = Release|x64
		{769B6D37-DC08-34C1-96FD-07C86358D8F6}.Release|x64.Build.0 = Release|x64
		{769B6D37-DC08-34C1-96FD-07C86358D8F6}.MinSizeRel|x64.ActiveCfg = MinSizeRel|x64
		{769B6D37-DC08-34C1-96FD-07C86358D8F6}.MinSizeRel|x64.Build.0 = MinSizeRel|x64
		{769B6D37-DC08-34C1-96FD-07C86358D8F6}.RelWithDebInfo|x64.ActiveCfg = RelWithDebInfo|x64
		{769B6D37-DC08-34C1-96FD-07C86358D8F6}.RelWithDebInfo|x64.Build.0 = RelWithDebInfo|x64
	EndGlobalSection
	GlobalSection(ExtensibilityGlobals) = postSolution
		SolutionGuid = {D5B0505E-AB69-3D83-AAF8-CA0CE90146A4}
	EndGlobalSection
	GlobalSection(ExtensibilityAddIns) = postSolution
	EndGlobalSection
EndGlobal
