
Microsoft Visual Studio Solution File, Format Version 12.00
# Visual Studio Version 16
VisualStudioVersion = 16.0.31205.134
MinimumVisualStudioVersion = 10.0.40219.1
Project("{2150E333-8FDC-42A3-9474-1A3956D46DE8}") = "libs", "libs", "{5F6552B8-DB2D-4566-A105-6725C2F40614}"
EndProject
Project("{2150E333-8FDC-42A3-9474-1A3956D46DE8}") = "srv-app", "srv-app", "{1B80BA1A-AAA9-4BA4-8442-5B4D11328586}"
EndProject
Project("{2150E333-8FDC-42A3-9474-1A3956D46DE8}") = "srv-tools", "srv-tools", "{96FE7B63-B269-47DB-8099-06A6EBEFD03E}"
EndProject
Project("{2150E333-8FDC-42A3-9474-1A3956D46DE8}") = "3rd", "3rd", "{AF4B0796-9644-4293-B1BF-10A7FC3BF5B9}"
EndProject
Project("{8BC9CEB8-8B4A-11D0-8D11-00A0C91BC942}") = "redis-network", "lib\3rd\redis-network\src\redis-network.vcxproj", "{46842776-68A5-EC98-6A09-1859BBFC73AA}"
EndProject
Project("{8BC9CEB8-8B4A-11D0-8D11-00A0C91BC942}") = "libeay32", "lib\3rd\vsopenssl\vcbuild\libeay32\libeay32.vcxproj", "{70ABE75C-FBC2-4C82-9103-B952FA5CD168}"
EndProject
Project("{8BC9CEB8-8B4A-11D0-8D11-00A0C91BC942}") = "ssleay32", "lib\3rd\vsopenssl\vcbuild\ssleay32\ssleay32.vcxproj", "{24265BD3-3CF3-41A9-B137-53DBEC0F53BF}"
EndProject
Project("{8BC9CEB8-8B4A-11D0-8D11-00A0C91BC942}") = "grypania", "server\src\grypania.vcxproj", "{2F5723F0-7C71-4409-A020-6A745E83AEB7}"
	ProjectSection(ProjectDependencies) = postProject
		{CAE15F06-04BE-4C91-A09F-79F3A8C15376} = {CAE15F06-04BE-4C91-A09F-79F3A8C15376}
		{388E810F-612B-4500-A871-2D0D53DBFBA7} = {388E810F-612B-4500-A871-2D0D53DBFBA7}
		{66E3CE14-884D-4AEA-9F20-15A0BEAF8C5A} = {66E3CE14-884D-4AEA-9F20-15A0BEAF8C5A}
		{48F51E2A-4CE5-3047-93CA-E07D2F6F9A4A} = {48F51E2A-4CE5-3047-93CA-E07D2F6F9A4A}
		{48504139-0F83-300A-BDEF-7AA6C537032D} = {48504139-0F83-300A-BDEF-7AA6C537032D}
		{70ABE75C-FBC2-4C82-9103-B952FA5CD168} = {70ABE75C-FBC2-4C82-9103-B952FA5CD168}
		{46842776-68A5-EC98-6A09-1859BBFC73AA} = {46842776-68A5-EC98-6A09-1859BBFC73AA}
		{C261A3A8-C8AE-4564-9660-52769D2467B5} = {C261A3A8-C8AE-4564-9660-52769D2467B5}
		{128E8BD0-174A-48F0-8771-92B1E8D18713} = {128E8BD0-174A-48F0-8771-92B1E8D18713}
		{24265BD3-3CF3-41A9-B137-53DBEC0F53BF} = {24265BD3-3CF3-41A9-B137-53DBEC0F53BF}
		{011B3FDF-5982-384A-800F-E703BF668E74} = {011B3FDF-5982-384A-800F-E703BF668E74}
		{621DCBE1-3A5D-4A18-95B6-B811AD49E07B} = {621DCBE1-3A5D-4A18-95B6-B811AD49E07B}
		{B78F72E2-52C9-4D9D-A80D-306D6E84E351} = {B78F72E2-52C9-4D9D-A80D-306D6E84E351}
		{492F3BFB-174E-4BE2-AE51-97DA090EDB3B} = {492F3BFB-174E-4BE2-AE51-97DA090EDB3B}
	EndProjectSection
EndProject
Project("{8BC9CEB8-8B4A-11D0-8D11-00A0C91BC942}") = "pthread", "lib\3rd\pthreads.2\pthread.vcxproj", "{492F3BFB-174E-4BE2-AE51-97DA090EDB3B}"
EndProject
Project("{8BC9CEB8-8B4A-11D0-8D11-00A0C91BC942}") = "lua", "lib\3rd\lua\src\lua.vcxproj", "{C261A3A8-C8AE-4564-9660-52769D2467B5}"
EndProject
Project("{8BC9CEB8-8B4A-11D0-8D11-00A0C91BC942}") = "common", "lib\common\common.vcxproj", "{621DCBE1-3A5D-4A18-95B6-B811AD49E07B}"
EndProject
Project("{8BC9CEB8-8B4A-11D0-8D11-00A0C91BC942}") = "sigar", "lib\3rd\sigar\win32\sigar.vcxproj", "{CAE15F06-04BE-4C91-A09F-79F3A8C15376}"
EndProject
Project("{8BC9CEB8-8B4A-11D0-8D11-00A0C91BC942}") = "socket", "lib\3rd\luasocket\socket.vcxproj", "{66E3CE14-884D-4AEA-9F20-15A0BEAF8C5A}"
	ProjectSection(ProjectDependencies) = postProject
		{C261A3A8-C8AE-4564-9660-52769D2467B5} = {C261A3A8-C8AE-4564-9660-52769D2467B5}
	EndProjectSection
EndProject
Project("{8BC9CEB8-8B4A-11D0-8D11-00A0C91BC942}") = "mime", "lib\3rd\luasocket\mime.vcxproj", "{128E8BD0-174A-48F0-8771-92B1E8D18713}"
	ProjectSection(ProjectDependencies) = postProject
		{C261A3A8-C8AE-4564-9660-52769D2467B5} = {C261A3A8-C8AE-4564-9660-52769D2467B5}
	EndProjectSection
EndProject
Project("{8BC9CEB8-8B4A-11D0-8D11-00A0C91BC942}") = "3dmath", "lib\3rd\3dmath\3dmath.vcxproj", "{B78F72E2-52C9-4D9D-A80D-306D6E84E351}"
EndProject
Project("{8BC9CEB8-8B4A-11D0-8D11-00A0C91BC942}") = "lua-mongodb", "lib\3rd\lua-mongodb\lua-mongodb.vcxproj", "{388E810F-612B-4500-A871-2D0D53DBFBA7}"
EndProject
Project("{8BC9CEB8-8B4A-11D0-8D11-00A0C91BC942}") = "bson_static", "lib\3rd\mongo-c-driver\builds\src\libbson\bson_static.vcxproj", "{48504139-0F83-300A-BDEF-7AA6C537032D}"
EndProject
Project("{8BC9CEB8-8B4A-11D0-8D11-00A0C91BC942}") = "mongoc_static", "lib\3rd\mongo-c-driver\builds\src\libmongoc\mongoc_static.vcxproj", "{011B3FDF-5982-384A-800F-E703BF668E74}"
EndProject
Project("{8BC9CEB8-8B4A-11D0-8D11-00A0C91BC942}") = "uv_a", "lib\3rd\libuv\builds\uv_a.vcxproj", "{48F51E2A-4CE5-3047-93CA-E07D2F6F9A4A}"
EndProject
Project("{8BC9CEB8-8B4A-11D0-8D11-00A0C91BC942}") = "hiredis_static", "lib\3rd\hiredis\builds\hiredis_static.vcxproj", "{769B6D37-DC08-34C1-96FD-07C86358D8F6}"
EndProject
Global
	GlobalSection(SolutionConfigurationPlatforms) = preSolution
		Debug|x64 = Debug|x64
		Debug|x86 = Debug|x86
		Release|x64 = Release|x64
		Release|x86 = Release|x86
	EndGlobalSection
	GlobalSection(ProjectConfigurationPlatforms) = postSolution
		{46842776-68A5-EC98-6A09-1859BBFC73AA}.Debug|x64.ActiveCfg = Debug|x64
		{46842776-68A5-EC98-6A09-1859BBFC73AA}.Debug|x64.Build.0 = Debug|x64
		{46842776-68A5-EC98-6A09-1859BBFC73AA}.Debug|x86.ActiveCfg = Debug|x64
		{46842776-68A5-EC98-6A09-1859BBFC73AA}.Release|x64.ActiveCfg = Release|x64
		{46842776-68A5-EC98-6A09-1859BBFC73AA}.Release|x64.Build.0 = Release|x64
		{46842776-68A5-EC98-6A09-1859BBFC73AA}.Release|x86.ActiveCfg = Release|x64
		{70ABE75C-FBC2-4C82-9103-B952FA5CD168}.Debug|x64.ActiveCfg = Debug|x64
		{70ABE75C-FBC2-4C82-9103-B952FA5CD168}.Debug|x64.Build.0 = Debug|x64
		{70ABE75C-FBC2-4C82-9103-B952FA5CD168}.Debug|x86.ActiveCfg = Debug|x64
		{70ABE75C-FBC2-4C82-9103-B952FA5CD168}.Release|x64.ActiveCfg = Release|x64
		{70ABE75C-FBC2-4C82-9103-B952FA5CD168}.Release|x64.Build.0 = Release|x64
		{70ABE75C-FBC2-4C82-9103-B952FA5CD168}.Release|x86.ActiveCfg = Release|x64
		{24265BD3-3CF3-41A9-B137-53DBEC0F53BF}.Debug|x64.ActiveCfg = Debug|x64
		{24265BD3-3CF3-41A9-B137-53DBEC0F53BF}.Debug|x64.Build.0 = Debug|x64
		{24265BD3-3CF3-41A9-B137-53DBEC0F53BF}.Debug|x86.ActiveCfg = Debug|x64
		{24265BD3-3CF3-41A9-B137-53DBEC0F53BF}.Release|x64.ActiveCfg = Release|x64
		{24265BD3-3CF3-41A9-B137-53DBEC0F53BF}.Release|x64.Build.0 = Release|x64
		{24265BD3-3CF3-41A9-B137-53DBEC0F53BF}.Release|x86.ActiveCfg = Release|x64
		{2F5723F0-7C71-4409-A020-6A745E83AEB7}.Debug|x64.ActiveCfg = Debug|x64
		{2F5723F0-7C71-4409-A020-6A745E83AEB7}.Debug|x64.Build.0 = Debug|x64
		{2F5723F0-7C71-4409-A020-6A745E83AEB7}.Debug|x86.ActiveCfg = Debug|x64
		{2F5723F0-7C71-4409-A020-6A745E83AEB7}.Release|x64.ActiveCfg = Release|x64
		{2F5723F0-7C71-4409-A020-6A745E83AEB7}.Release|x64.Build.0 = Release|x64
		{2F5723F0-7C71-4409-A020-6A745E83AEB7}.Release|x86.ActiveCfg = Release|x64
		{492F3BFB-174E-4BE2-AE51-97DA090EDB3B}.Debug|x64.ActiveCfg = Debug|x64
		{492F3BFB-174E-4BE2-AE51-97DA090EDB3B}.Debug|x64.Build.0 = Debug|x64
		{492F3BFB-174E-4BE2-AE51-97DA090EDB3B}.Debug|x86.ActiveCfg = Debug|x64
		{492F3BFB-174E-4BE2-AE51-97DA090EDB3B}.Release|x64.ActiveCfg = Release|x64
		{492F3BFB-174E-4BE2-AE51-97DA090EDB3B}.Release|x64.Build.0 = Release|x64
		{492F3BFB-174E-4BE2-AE51-97DA090EDB3B}.Release|x86.ActiveCfg = Release|x64
		{C261A3A8-C8AE-4564-9660-52769D2467B5}.Debug|x64.ActiveCfg = Debug|x64
		{C261A3A8-C8AE-4564-9660-52769D2467B5}.Debug|x64.Build.0 = Debug|x64
		{C261A3A8-C8AE-4564-9660-52769D2467B5}.Debug|x86.ActiveCfg = Debug|x64
		{C261A3A8-C8AE-4564-9660-52769D2467B5}.Release|x64.ActiveCfg = Release|x64
		{C261A3A8-C8AE-4564-9660-52769D2467B5}.Release|x64.Build.0 = Release|x64
		{C261A3A8-C8AE-4564-9660-52769D2467B5}.Release|x86.ActiveCfg = Release|x64
		{621DCBE1-3A5D-4A18-95B6-B811AD49E07B}.Debug|x64.ActiveCfg = Debug|x64
		{621DCBE1-3A5D-4A18-95B6-B811AD49E07B}.Debug|x64.Build.0 = Debug|x64
		{621DCBE1-3A5D-4A18-95B6-B811AD49E07B}.Debug|x86.ActiveCfg = Debug|x64
		{621DCBE1-3A5D-4A18-95B6-B811AD49E07B}.Release|x64.ActiveCfg = Release|x64
		{621DCBE1-3A5D-4A18-95B6-B811AD49E07B}.Release|x64.Build.0 = Release|x64
		{621DCBE1-3A5D-4A18-95B6-B811AD49E07B}.Release|x86.ActiveCfg = Release|x64
		{CAE15F06-04BE-4C91-A09F-79F3A8C15376}.Debug|x64.ActiveCfg = Debug|x64
		{CAE15F06-04BE-4C91-A09F-79F3A8C15376}.Debug|x64.Build.0 = Debug|x64
		{CAE15F06-04BE-4C91-A09F-79F3A8C15376}.Debug|x86.ActiveCfg = Debug|x64
		{CAE15F06-04BE-4C91-A09F-79F3A8C15376}.Release|x64.ActiveCfg = Release|x64
		{CAE15F06-04BE-4C91-A09F-79F3A8C15376}.Release|x64.Build.0 = Release|x64
		{CAE15F06-04BE-4C91-A09F-79F3A8C15376}.Release|x86.ActiveCfg = Release|x64
		{66E3CE14-884D-4AEA-9F20-15A0BEAF8C5A}.Debug|x64.ActiveCfg = Debug|x64
		{66E3CE14-884D-4AEA-9F20-15A0BEAF8C5A}.Debug|x64.Build.0 = Debug|x64
		{66E3CE14-884D-4AEA-9F20-15A0BEAF8C5A}.Debug|x86.ActiveCfg = Debug|x64
		{66E3CE14-884D-4AEA-9F20-15A0BEAF8C5A}.Release|x64.ActiveCfg = Release|x64
		{66E3CE14-884D-4AEA-9F20-15A0BEAF8C5A}.Release|x64.Build.0 = Release|x64
		{66E3CE14-884D-4AEA-9F20-15A0BEAF8C5A}.Release|x86.ActiveCfg = Release|x64
		{128E8BD0-174A-48F0-8771-92B1E8D18713}.Debug|x64.ActiveCfg = Debug|x64
		{128E8BD0-174A-48F0-8771-92B1E8D18713}.Debug|x64.Build.0 = Debug|x64
		{128E8BD0-174A-48F0-8771-92B1E8D18713}.Debug|x86.ActiveCfg = Debug|x64
		{128E8BD0-174A-48F0-8771-92B1E8D18713}.Release|x64.ActiveCfg = Release|x64
		{128E8BD0-174A-48F0-8771-92B1E8D18713}.Release|x64.Build.0 = Release|x64
		{128E8BD0-174A-48F0-8771-92B1E8D18713}.Release|x86.ActiveCfg = Release|x64
		{B78F72E2-52C9-4D9D-A80D-306D6E84E351}.Debug|x64.ActiveCfg = Debug|x64
		{B78F72E2-52C9-4D9D-A80D-306D6E84E351}.Debug|x64.Build.0 = Debug|x64
		{B78F72E2-52C9-4D9D-A80D-306D6E84E351}.Debug|x86.ActiveCfg = Debug|x64
		{B78F72E2-52C9-4D9D-A80D-306D6E84E351}.Release|x64.ActiveCfg = Release|x64
		{B78F72E2-52C9-4D9D-A80D-306D6E84E351}.Release|x64.Build.0 = Release|x64
		{B78F72E2-52C9-4D9D-A80D-306D6E84E351}.Release|x86.ActiveCfg = Release|x64
		{388E810F-612B-4500-A871-2D0D53DBFBA7}.Debug|x64.ActiveCfg = Debug|x64
		{388E810F-612B-4500-A871-2D0D53DBFBA7}.Debug|x64.Build.0 = Debug|x64
		{388E810F-612B-4500-A871-2D0D53DBFBA7}.Debug|x86.ActiveCfg = Debug|x64
		{388E810F-612B-4500-A871-2D0D53DBFBA7}.Release|x64.ActiveCfg = Release|x64
		{388E810F-612B-4500-A871-2D0D53DBFBA7}.Release|x64.Build.0 = Release|x64
		{388E810F-612B-4500-A871-2D0D53DBFBA7}.Release|x86.ActiveCfg = Release|x64
		{48504139-0F83-300A-BDEF-7AA6C537032D}.Debug|x64.ActiveCfg = Debug|x64
		{48504139-0F83-300A-BDEF-7AA6C537032D}.Debug|x64.Build.0 = Debug|x64
		{48504139-0F83-300A-BDEF-7AA6C537032D}.Debug|x86.ActiveCfg = Debug|x64
		{48504139-0F83-300A-BDEF-7AA6C537032D}.Release|x64.ActiveCfg = Release|x64
		{48504139-0F83-300A-BDEF-7AA6C537032D}.Release|x64.Build.0 = Release|x64
		{48504139-0F83-300A-BDEF-7AA6C537032D}.Release|x86.ActiveCfg = Release|x64
		{011B3FDF-5982-384A-800F-E703BF668E74}.Debug|x64.ActiveCfg = Debug|x64
		{011B3FDF-5982-384A-800F-E703BF668E74}.Debug|x64.Build.0 = Debug|x64
		{011B3FDF-5982-384A-800F-E703BF668E74}.Debug|x86.ActiveCfg = Debug|x64
		{011B3FDF-5982-384A-800F-E703BF668E74}.Release|x64.ActiveCfg = Release|x64
		{011B3FDF-5982-384A-800F-E703BF668E74}.Release|x64.Build.0 = Release|x64
		{011B3FDF-5982-384A-800F-E703BF668E74}.Release|x86.ActiveCfg = Release|x64
		{48F51E2A-4CE5-3047-93CA-E07D2F6F9A4A}.Debug|x64.ActiveCfg = Debug|x64
		{48F51E2A-4CE5-3047-93CA-E07D2F6F9A4A}.Debug|x64.Build.0 = Debug|x64
		{48F51E2A-4CE5-3047-93CA-E07D2F6F9A4A}.Debug|x86.ActiveCfg = Debug|x64
		{48F51E2A-4CE5-3047-93CA-E07D2F6F9A4A}.Release|x64.ActiveCfg = Release|x64
		{48F51E2A-4CE5-3047-93CA-E07D2F6F9A4A}.Release|x64.Build.0 = Release|x64
		{48F51E2A-4CE5-3047-93CA-E07D2F6F9A4A}.Release|x86.ActiveCfg = Release|x64
		{769B6D37-DC08-34C1-96FD-07C86358D8F6}.Debug|x64.ActiveCfg = Debug|x64
		{769B6D37-DC08-34C1-96FD-07C86358D8F6}.Debug|x64.Build.0 = Debug|x64
		{769B6D37-DC08-34C1-96FD-07C86358D8F6}.Debug|x86.ActiveCfg = Debug|x64
		{769B6D37-DC08-34C1-96FD-07C86358D8F6}.Release|x64.ActiveCfg = Release|x64
		{769B6D37-DC08-34C1-96FD-07C86358D8F6}.Release|x64.Build.0 = Release|x64
		{769B6D37-DC08-34C1-96FD-07C86358D8F6}.Release|x86.ActiveCfg = Release|x64
	EndGlobalSection
	GlobalSection(SolutionProperties) = preSolution
		HideSolutionNode = FALSE
	EndGlobalSection
	GlobalSection(NestedProjects) = preSolution
		{46842776-68A5-EC98-6A09-1859BBFC73AA} = {AF4B0796-9644-4293-B1BF-10A7FC3BF5B9}
		{70ABE75C-FBC2-4C82-9103-B952FA5CD168} = {AF4B0796-9644-4293-B1BF-10A7FC3BF5B9}
		{24265BD3-3CF3-41A9-B137-53DBEC0F53BF} = {AF4B0796-9644-4293-B1BF-10A7FC3BF5B9}
		{2F5723F0-7C71-4409-A020-6A745E83AEB7} = {1B80BA1A-AAA9-4BA4-8442-5B4D11328586}
		{492F3BFB-174E-4BE2-AE51-97DA090EDB3B} = {AF4B0796-9644-4293-B1BF-10A7FC3BF5B9}
		{C261A3A8-C8AE-4564-9660-52769D2467B5} = {AF4B0796-9644-4293-B1BF-10A7FC3BF5B9}
		{621DCBE1-3A5D-4A18-95B6-B811AD49E07B} = {5F6552B8-DB2D-4566-A105-6725C2F40614}
		{CAE15F06-04BE-4C91-A09F-79F3A8C15376} = {AF4B0796-9644-4293-B1BF-10A7FC3BF5B9}
		{66E3CE14-884D-4AEA-9F20-15A0BEAF8C5A} = {AF4B0796-9644-4293-B1BF-10A7FC3BF5B9}
		{128E8BD0-174A-48F0-8771-92B1E8D18713} = {AF4B0796-9644-4293-B1BF-10A7FC3BF5B9}
		{B78F72E2-52C9-4D9D-A80D-306D6E84E351} = {AF4B0796-9644-4293-B1BF-10A7FC3BF5B9}
		{388E810F-612B-4500-A871-2D0D53DBFBA7} = {AF4B0796-9644-4293-B1BF-10A7FC3BF5B9}
		{48504139-0F83-300A-BDEF-7AA6C537032D} = {AF4B0796-9644-4293-B1BF-10A7FC3BF5B9}
		{011B3FDF-5982-384A-800F-E703BF668E74} = {AF4B0796-9644-4293-B1BF-10A7FC3BF5B9}
		{48F51E2A-4CE5-3047-93CA-E07D2F6F9A4A} = {AF4B0796-9644-4293-B1BF-10A7FC3BF5B9}
		{769B6D37-DC08-34C1-96FD-07C86358D8F6} = {AF4B0796-9644-4293-B1BF-10A7FC3BF5B9}
	EndGlobalSection
	GlobalSection(ExtensibilityGlobals) = postSolution
		SolutionGuid = {D43B887E-D227-49FB-BC24-C6939EB3E3AC}
	EndGlobalSection
EndGlobal
